// !$*UTF8*$!
{
	archiveVersion = 1;
	classes = {
	};
	objectVersion = 46;
	objects = {

/* Begin PBXBuildFile section */
		410C4E9E1E46F93A005A03F0 /* SARClockList.m in Sources */ = {isa = PBXBuildFile; fileRef = 410C4E9D1E46F93A005A03F0 /* SARClockList.m */; };
		410C4EA51E4707F0005A03F0 /* SARClockViewController.m in Sources */ = {isa = PBXBuildFile; fileRef = 410C4EA31E4707F0005A03F0 /* SARClockViewController.m */; };
		410C50B51E51922D005A03F0 /* global-time.plist in Resources */ = {isa = PBXBuildFile; fileRef = 410C50B41E51922D005A03F0 /* global-time.plist */; };
		410C50B81E519464005A03F0 /* SARStatusBarMenu.m in Sources */ = {isa = PBXBuildFile; fileRef = 410C50B71E519464005A03F0 /* SARStatusBarMenu.m */; };
		410C50BB1E5236D3005A03F0 /* SARTimeData.m in Sources */ = {isa = PBXBuildFile; fileRef = 410C50BA1E5236D3005A03F0 /* SARTimeData.m */; };
		4166F81D1E52E63100B51FC1 /* SARPlacesAPIHandler.m in Sources */ = {isa = PBXBuildFile; fileRef = 4166F81C1E52E63100B51FC1 /* SARPlacesAPIHandler.m */; };
		4166F8201E52F6C300B51FC1 /* SARGeocodingAPIHandler.m in Sources */ = {isa = PBXBuildFile; fileRef = 4166F81F1E52F6C300B51FC1 /* SARGeocodingAPIHandler.m */; };
		4166F8231E52F8B400B51FC1 /* SARTimeZoneAPIHandler.m in Sources */ = {isa = PBXBuildFile; fileRef = 4166F8221E52F8B400B51FC1 /* SARTimeZoneAPIHandler.m */; };
		4166F8261E53BFDB00B51FC1 /* SARClockView.m in Sources */ = {isa = PBXBuildFile; fileRef = 4166F8251E53BFDB00B51FC1 /* SARClockView.m */; };
		41C025D61E54DC17002C86C2 /* SARAPIKeyManager.m in Sources */ = {isa = PBXBuildFile; fileRef = 41C025D51E54DC17002C86C2 /* SARAPIKeyManager.m */; };
		41DD37181E451ADB00BC7B52 /* AppDelegate.m in Sources */ = {isa = PBXBuildFile; fileRef = 41DD37171E451ADB00BC7B52 /* AppDelegate.m */; };
		41DD371B1E451ADB00BC7B52 /* main.m in Sources */ = {isa = PBXBuildFile; fileRef = 41DD371A1E451ADB00BC7B52 /* main.m */; };
		41DD371D1E451ADB00BC7B52 /* Assets.xcassets in Resources */ = {isa = PBXBuildFile; fileRef = 41DD371C1E451ADB00BC7B52 /* Assets.xcassets */; };
		41DD37201E451ADB00BC7B52 /* MainMenu.xib in Resources */ = {isa = PBXBuildFile; fileRef = 41DD371E1E451ADB00BC7B52 /* MainMenu.xib */; };
		41DD376D1E4570BA00BC7B52 /* SARAPIHandler.m in Sources */ = {isa = PBXBuildFile; fileRef = 41DD376C1E4570BA00BC7B52 /* SARAPIHandler.m */; };
		41DD37751E458EBE00BC7B52 /* SARClockController.m in Sources */ = {isa = PBXBuildFile; fileRef = 41DD37741E458EBE00BC7B52 /* SARClockController.m */; };
		41DD377A1E46581D00BC7B52 /* SARInputField.m in Sources */ = {isa = PBXBuildFile; fileRef = 41DD37791E46581D00BC7B52 /* SARInputField.m */; };
/* End PBXBuildFile section */

/* Begin PBXFileReference section */
		410C4E9C1E46F93A005A03F0 /* SARClockList.h */ = {isa = PBXFileReference; fileEncoding = 4; lastKnownFileType = sourcecode.c.h; path = SARClockList.h; sourceTree = "<group>"; };
		410C4E9D1E46F93A005A03F0 /* SARClockList.m */ = {isa = PBXFileReference; fileEncoding = 4; lastKnownFileType = sourcecode.c.objc; path = SARClockList.m; sourceTree = "<group>"; };
		410C4E9F1E4700FA005A03F0 /* Constants.h */ = {isa = PBXFileReference; lastKnownFileType = sourcecode.c.h; path = Constants.h; sourceTree = "<group>"; };
		410C4EA21E4707F0005A03F0 /* SARClockViewController.h */ = {isa = PBXFileReference; fileEncoding = 4; lastKnownFileType = sourcecode.c.h; path = SARClockViewController.h; sourceTree = "<group>"; };
		410C4EA31E4707F0005A03F0 /* SARClockViewController.m */ = {isa = PBXFileReference; fileEncoding = 4; lastKnownFileType = sourcecode.c.objc; path = SARClockViewController.m; sourceTree = "<group>"; };
		410C50B41E51922D005A03F0 /* global-time.plist */ = {isa = PBXFileReference; fileEncoding = 4; lastKnownFileType = text.plist.xml; name = "global-time.plist"; path = "../../../../keys/google/global-time.plist"; sourceTree = "<group>"; };
		410C50B61E519464005A03F0 /* SARStatusBarMenu.h */ = {isa = PBXFileReference; fileEncoding = 4; lastKnownFileType = sourcecode.c.h; path = SARStatusBarMenu.h; sourceTree = "<group>"; };
		410C50B71E519464005A03F0 /* SARStatusBarMenu.m */ = {isa = PBXFileReference; fileEncoding = 4; lastKnownFileType = sourcecode.c.objc; path = SARStatusBarMenu.m; sourceTree = "<group>"; };
		410C50B91E5236D3005A03F0 /* SARTimeData.h */ = {isa = PBXFileReference; fileEncoding = 4; lastKnownFileType = sourcecode.c.h; path = SARTimeData.h; sourceTree = "<group>"; };
		410C50BA1E5236D3005A03F0 /* SARTimeData.m */ = {isa = PBXFileReference; fileEncoding = 4; lastKnownFileType = sourcecode.c.objc; path = SARTimeData.m; sourceTree = "<group>"; };
		4166F81B1E52E63100B51FC1 /* SARPlacesAPIHandler.h */ = {isa = PBXFileReference; fileEncoding = 4; lastKnownFileType = sourcecode.c.h; path = SARPlacesAPIHandler.h; sourceTree = "<group>"; };
		4166F81C1E52E63100B51FC1 /* SARPlacesAPIHandler.m */ = {isa = PBXFileReference; fileEncoding = 4; lastKnownFileType = sourcecode.c.objc; path = SARPlacesAPIHandler.m; sourceTree = "<group>"; };
		4166F81E1E52F6C300B51FC1 /* SARGeocodingAPIHandler.h */ = {isa = PBXFileReference; fileEncoding = 4; lastKnownFileType = sourcecode.c.h; path = SARGeocodingAPIHandler.h; sourceTree = "<group>"; };
		4166F81F1E52F6C300B51FC1 /* SARGeocodingAPIHandler.m */ = {isa = PBXFileReference; fileEncoding = 4; lastKnownFileType = sourcecode.c.objc; path = SARGeocodingAPIHandler.m; sourceTree = "<group>"; };
		4166F8211E52F8B400B51FC1 /* SARTimeZoneAPIHandler.h */ = {isa = PBXFileReference; fileEncoding = 4; lastKnownFileType = sourcecode.c.h; path = SARTimeZoneAPIHandler.h; sourceTree = "<group>"; };
		4166F8221E52F8B400B51FC1 /* SARTimeZoneAPIHandler.m */ = {isa = PBXFileReference; fileEncoding = 4; lastKnownFileType = sourcecode.c.objc; path = SARTimeZoneAPIHandler.m; sourceTree = "<group>"; };
		4166F8241E53BFDB00B51FC1 /* SARClockView.h */ = {isa = PBXFileReference; fileEncoding = 4; lastKnownFileType = sourcecode.c.h; path = SARClockView.h; sourceTree = "<group>"; };
		4166F8251E53BFDB00B51FC1 /* SARClockView.m */ = {isa = PBXFileReference; fileEncoding = 4; lastKnownFileType = sourcecode.c.objc; path = SARClockView.m; sourceTree = "<group>"; };
		41C025D41E54DC17002C86C2 /* SARAPIKeyManager.h */ = {isa = PBXFileReference; fileEncoding = 4; lastKnownFileType = sourcecode.c.h; path = SARAPIKeyManager.h; sourceTree = "<group>"; };
		41C025D51E54DC17002C86C2 /* SARAPIKeyManager.m */ = {isa = PBXFileReference; fileEncoding = 4; lastKnownFileType = sourcecode.c.objc; path = SARAPIKeyManager.m; sourceTree = "<group>"; };
		41DD37131E451ADB00BC7B52 /* Global Time.app */ = {isa = PBXFileReference; explicitFileType = wrapper.application; includeInIndex = 0; path = "Global Time.app"; sourceTree = BUILT_PRODUCTS_DIR; };
		41DD37161E451ADB00BC7B52 /* AppDelegate.h */ = {isa = PBXFileReference; lastKnownFileType = sourcecode.c.h; path = AppDelegate.h; sourceTree = "<group>"; };
		41DD37171E451ADB00BC7B52 /* AppDelegate.m */ = {isa = PBXFileReference; lastKnownFileType = sourcecode.c.objc; path = AppDelegate.m; sourceTree = "<group>"; };
		41DD371A1E451ADB00BC7B52 /* main.m */ = {isa = PBXFileReference; lastKnownFileType = sourcecode.c.objc; path = main.m; sourceTree = "<group>"; };
		41DD371C1E451ADB00BC7B52 /* Assets.xcassets */ = {isa = PBXFileReference; lastKnownFileType = folder.assetcatalog; path = Assets.xcassets; sourceTree = "<group>"; };
		41DD371F1E451ADB00BC7B52 /* Base */ = {isa = PBXFileReference; lastKnownFileType = file.xib; name = Base; path = Base.lproj/MainMenu.xib; sourceTree = "<group>"; };
		41DD37211E451ADB00BC7B52 /* Info.plist */ = {isa = PBXFileReference; lastKnownFileType = text.plist.xml; path = Info.plist; sourceTree = "<group>"; };
		41DD376B1E4570BA00BC7B52 /* SARAPIHandler.h */ = {isa = PBXFileReference; fileEncoding = 4; lastKnownFileType = sourcecode.c.h; path = SARAPIHandler.h; sourceTree = "<group>"; };
		41DD376C1E4570BA00BC7B52 /* SARAPIHandler.m */ = {isa = PBXFileReference; fileEncoding = 4; lastKnownFileType = sourcecode.c.objc; path = SARAPIHandler.m; sourceTree = "<group>"; };
		41DD37731E458EBE00BC7B52 /* SARClockController.h */ = {isa = PBXFileReference; fileEncoding = 4; lastKnownFileType = sourcecode.c.h; path = SARClockController.h; sourceTree = "<group>"; };
		41DD37741E458EBE00BC7B52 /* SARClockController.m */ = {isa = PBXFileReference; fileEncoding = 4; lastKnownFileType = sourcecode.c.objc; path = SARClockController.m; sourceTree = "<group>"; };
		41DD37781E46581D00BC7B52 /* SARInputField.h */ = {isa = PBXFileReference; fileEncoding = 4; lastKnownFileType = sourcecode.c.h; path = SARInputField.h; sourceTree = "<group>"; };
		41DD37791E46581D00BC7B52 /* SARInputField.m */ = {isa = PBXFileReference; fileEncoding = 4; lastKnownFileType = sourcecode.c.objc; path = SARInputField.m; sourceTree = "<group>"; };
/* End PBXFileReference section */

/* Begin PBXFrameworksBuildPhase section */
		41DD37101E451ADB00BC7B52 /* Frameworks */ = {
			isa = PBXFrameworksBuildPhase;
			buildActionMask = 2147483647;
			files = (
			);
			runOnlyForDeploymentPostprocessing = 0;
		};
/* End PBXFrameworksBuildPhase section */

/* Begin PBXGroup section */
		4166F81A1E52E3FD00B51FC1 /* API Handlers */ = {
			isa = PBXGroup;
			children = (
				41DD376B1E4570BA00BC7B52 /* SARAPIHandler.h */,
				41DD376C1E4570BA00BC7B52 /* SARAPIHandler.m */,
				4166F81B1E52E63100B51FC1 /* SARPlacesAPIHandler.h */,
				4166F81C1E52E63100B51FC1 /* SARPlacesAPIHandler.m */,
				4166F81E1E52F6C300B51FC1 /* SARGeocodingAPIHandler.h */,
				4166F81F1E52F6C300B51FC1 /* SARGeocodingAPIHandler.m */,
				4166F8211E52F8B400B51FC1 /* SARTimeZoneAPIHandler.h */,
				4166F8221E52F8B400B51FC1 /* SARTimeZoneAPIHandler.m */,
				41C025D41E54DC17002C86C2 /* SARAPIKeyManager.h */,
				41C025D51E54DC17002C86C2 /* SARAPIKeyManager.m */,
			);
			name = "API Handlers";
			sourceTree = "<group>";
		};
		41DD370A1E451ADB00BC7B52 = {
			isa = PBXGroup;
			children = (
				41DD37151E451ADB00BC7B52 /* Global Time */,
				41DD37141E451ADB00BC7B52 /* Products */,
			);
			sourceTree = "<group>";
		};
		41DD37141E451ADB00BC7B52 /* Products */ = {
			isa = PBXGroup;
			children = (
				41DD37131E451ADB00BC7B52 /* Global Time.app */,
			);
			name = Products;
			sourceTree = "<group>";
		};
		41DD37151E451ADB00BC7B52 /* Global Time */ = {
			isa = PBXGroup;
			children = (
				41DD37161E451ADB00BC7B52 /* AppDelegate.h */,
				41DD37171E451ADB00BC7B52 /* AppDelegate.m */,
				4166F81A1E52E3FD00B51FC1 /* API Handlers */,
				41DD37771E4657E400BC7B52 /* Status Bar */,
				41DD37761E4657DA00BC7B52 /* Window */,
				41DD371C1E451ADB00BC7B52 /* Assets.xcassets */,
				41DD371E1E451ADB00BC7B52 /* MainMenu.xib */,
				41DD37211E451ADB00BC7B52 /* Info.plist */,
				41DD37191E451ADB00BC7B52 /* Supporting Files */,
			);
			path = "Global Time";
			sourceTree = "<group>";
		};
		41DD37191E451ADB00BC7B52 /* Supporting Files */ = {
			isa = PBXGroup;
			children = (
				41DD371A1E451ADB00BC7B52 /* main.m */,
				410C4E9F1E4700FA005A03F0 /* Constants.h */,
				410C50B41E51922D005A03F0 /* global-time.plist */,
			);
			name = "Supporting Files";
			sourceTree = "<group>";
		};
		41DD37761E4657DA00BC7B52 /* Window */ = {
			isa = PBXGroup;
			children = (
				410C4EA21E4707F0005A03F0 /* SARClockViewController.h */,
				410C4EA31E4707F0005A03F0 /* SARClockViewController.m */,
				4166F8241E53BFDB00B51FC1 /* SARClockView.h */,
				4166F8251E53BFDB00B51FC1 /* SARClockView.m */,
				41DD37781E46581D00BC7B52 /* SARInputField.h */,
				41DD37791E46581D00BC7B52 /* SARInputField.m */,
				410C4E9C1E46F93A005A03F0 /* SARClockList.h */,
				410C4E9D1E46F93A005A03F0 /* SARClockList.m */,
			);
			name = Window;
			sourceTree = "<group>";
		};
		41DD37771E4657E400BC7B52 /* Status Bar */ = {
			isa = PBXGroup;
			children = (
				41DD37731E458EBE00BC7B52 /* SARClockController.h */,
				41DD37741E458EBE00BC7B52 /* SARClockController.m */,
				410C50B61E519464005A03F0 /* SARStatusBarMenu.h */,
				410C50B71E519464005A03F0 /* SARStatusBarMenu.m */,
				410C50B91E5236D3005A03F0 /* SARTimeData.h */,
				410C50BA1E5236D3005A03F0 /* SARTimeData.m */,
			);
			name = "Status Bar";
			sourceTree = "<group>";
		};
/* End PBXGroup section */

/* Begin PBXNativeTarget section */
		41DD37121E451ADB00BC7B52 /* Global Time */ = {
			isa = PBXNativeTarget;
			buildConfigurationList = 41DD37241E451ADB00BC7B52 /* Build configuration list for PBXNativeTarget "Global Time" */;
			buildPhases = (
				41DD370F1E451ADB00BC7B52 /* Sources */,
				41DD37101E451ADB00BC7B52 /* Frameworks */,
				41DD37111E451ADB00BC7B52 /* Resources */,
			);
			buildRules = (
			);
			dependencies = (
			);
			name = "Global Time";
			productName = "Global Time";
			productReference = 41DD37131E451ADB00BC7B52 /* Global Time.app */;
			productType = "com.apple.product-type.application";
		};
/* End PBXNativeTarget section */

/* Begin PBXProject section */
		41DD370B1E451ADB00BC7B52 /* Project object */ = {
			isa = PBXProject;
			attributes = {
				LastUpgradeCheck = 0820;
				ORGANIZATIONNAME = "Stephen Ramthun";
				TargetAttributes = {
					41DD37121E451ADB00BC7B52 = {
						CreatedOnToolsVersion = 8.2.1;
						DevelopmentTeam = 4ZJX6N87D2;
						ProvisioningStyle = Automatic;
					};
				};
			};
			buildConfigurationList = 41DD370E1E451ADB00BC7B52 /* Build configuration list for PBXProject "Global Time" */;
			compatibilityVersion = "Xcode 3.2";
			developmentRegion = English;
			hasScannedForEncodings = 0;
			knownRegions = (
				en,
				Base,
			);
			mainGroup = 41DD370A1E451ADB00BC7B52;
			productRefGroup = 41DD37141E451ADB00BC7B52 /* Products */;
			projectDirPath = "";
			projectRoot = "";
			targets = (
				41DD37121E451ADB00BC7B52 /* Global Time */,
			);
		};
/* End PBXProject section */

/* Begin PBXResourcesBuildPhase section */
		41DD37111E451ADB00BC7B52 /* Resources */ = {
			isa = PBXResourcesBuildPhase;
			buildActionMask = 2147483647;
			files = (
				410C50B51E51922D005A03F0 /* global-time.plist in Resources */,
				41DD371D1E451ADB00BC7B52 /* Assets.xcassets in Resources */,
				41DD37201E451ADB00BC7B52 /* MainMenu.xib in Resources */,
			);
			runOnlyForDeploymentPostprocessing = 0;
		};
/* End PBXResourcesBuildPhase section */

/* Begin PBXSourcesBuildPhase section */
		41DD370F1E451ADB00BC7B52 /* Sources */ = {
			isa = PBXSourcesBuildPhase;
			buildActionMask = 2147483647;
			files = (
				41DD376D1E4570BA00BC7B52 /* SARAPIHandler.m in Sources */,
				4166F81D1E52E63100B51FC1 /* SARPlacesAPIHandler.m in Sources */,
				410C50B81E519464005A03F0 /* SARStatusBarMenu.m in Sources */,
				4166F8231E52F8B400B51FC1 /* SARTimeZoneAPIHandler.m in Sources */,
				4166F8201E52F6C300B51FC1 /* SARGeocodingAPIHandler.m in Sources */,
				410C50BB1E5236D3005A03F0 /* SARTimeData.m in Sources */,
				410C4EA51E4707F0005A03F0 /* SARClockViewController.m in Sources */,
				41C025D61E54DC17002C86C2 /* SARAPIKeyManager.m in Sources */,
				41DD377A1E46581D00BC7B52 /* SARInputField.m in Sources */,
				4166F8261E53BFDB00B51FC1 /* SARClockView.m in Sources */,
				41DD371B1E451ADB00BC7B52 /* main.m in Sources */,
				41DD37181E451ADB00BC7B52 /* AppDelegate.m in Sources */,
				41DD37751E458EBE00BC7B52 /* SARClockController.m in Sources */,
				410C4E9E1E46F93A005A03F0 /* SARClockList.m in Sources */,
			);
			runOnlyForDeploymentPostprocessing = 0;
		};
/* End PBXSourcesBuildPhase section */

/* Begin PBXVariantGroup section */
		41DD371E1E451ADB00BC7B52 /* MainMenu.xib */ = {
			isa = PBXVariantGroup;
			children = (
				41DD371F1E451ADB00BC7B52 /* Base */,
			);
			name = MainMenu.xib;
			sourceTree = "<group>";
		};
/* End PBXVariantGroup section */

/* Begin XCBuildConfiguration section */
		41DD37221E451ADB00BC7B52 /* Debug */ = {
			isa = XCBuildConfiguration;
			buildSettings = {
				ALWAYS_SEARCH_USER_PATHS = NO;
				CLANG_ANALYZER_NONNULL = YES;
				CLANG_CXX_LANGUAGE_STANDARD = "gnu++0x";
				CLANG_CXX_LIBRARY = "libc++";
				CLANG_ENABLE_MODULES = YES;
				CLANG_ENABLE_OBJC_ARC = YES;
				CLANG_WARN_BOOL_CONVERSION = YES;
				CLANG_WARN_CONSTANT_CONVERSION = YES;
				CLANG_WARN_DIRECT_OBJC_ISA_USAGE = YES_ERROR;
				CLANG_WARN_DOCUMENTATION_COMMENTS = YES;
				CLANG_WARN_EMPTY_BODY = YES;
				CLANG_WARN_ENUM_CONVERSION = YES;
				CLANG_WARN_INFINITE_RECURSION = YES;
				CLANG_WARN_INT_CONVERSION = YES;
				CLANG_WARN_OBJC_ROOT_CLASS = YES_ERROR;
				CLANG_WARN_SUSPICIOUS_MOVE = YES;
				CLANG_WARN_UNREACHABLE_CODE = YES;
				CLANG_WARN__DUPLICATE_METHOD_MATCH = YES;
				CODE_SIGN_IDENTITY = "-";
				COPY_PHASE_STRIP = NO;
				DEBUG_INFORMATION_FORMAT = dwarf;
				ENABLE_STRICT_OBJC_MSGSEND = YES;
				ENABLE_TESTABILITY = YES;
				GCC_C_LANGUAGE_STANDARD = gnu99;
				GCC_DYNAMIC_NO_PIC = NO;
				GCC_NO_COMMON_BLOCKS = YES;
				GCC_OPTIMIZATION_LEVEL = 0;
				GCC_PREPROCESSOR_DEFINITIONS = (
					"DEBUG=1",
					"$(inherited)",
				);
				GCC_WARN_64_TO_32_BIT_CONVERSION = YES;
				GCC_WARN_ABOUT_RETURN_TYPE = YES_ERROR;
				GCC_WARN_UNDECLARED_SELECTOR = YES;
				GCC_WARN_UNINITIALIZED_AUTOS = YES_AGGRESSIVE;
				GCC_WARN_UNUSED_FUNCTION = YES;
				GCC_WARN_UNUSED_VARIABLE = YES;
				MACOSX_DEPLOYMENT_TARGET = 10.12;
				MTL_ENABLE_DEBUG_INFO = YES;
				ONLY_ACTIVE_ARCH = YES;
				SDKROOT = macosx;
			};
			name = Debug;
		};
		41DD37231E451ADB00BC7B52 /* Release */ = {
			isa = XCBuildConfiguration;
			buildSettings = {
				ALWAYS_SEARCH_USER_PATHS = NO;
				CLANG_ANALYZER_NONNULL = YES;
				CLANG_CXX_LANGUAGE_STANDARD = "gnu++0x";
				CLANG_CXX_LIBRARY = "libc++";
				CLANG_ENABLE_MODULES = YES;
				CLANG_ENABLE_OBJC_ARC = YES;
				CLANG_WARN_BOOL_CONVERSION = YES;
				CLANG_WARN_CONSTANT_CONVERSION = YES;
				CLANG_WARN_DIRECT_OBJC_ISA_USAGE = YES_ERROR;
				CLANG_WARN_DOCUMENTATION_COMMENTS = YES;
				CLANG_WARN_EMPTY_BODY = YES;
				CLANG_WARN_ENUM_CONVERSION = YES;
				CLANG_WARN_INFINITE_RECURSION = YES;
				CLANG_WARN_INT_CONVERSION = YES;
				CLANG_WARN_OBJC_ROOT_CLASS = YES_ERROR;
				CLANG_WARN_SUSPICIOUS_MOVE = YES;
				CLANG_WARN_UNREACHABLE_CODE = YES;
				CLANG_WARN__DUPLICATE_METHOD_MATCH = YES;
				CODE_SIGN_IDENTITY = "-";
				COPY_PHASE_STRIP = NO;
				DEBUG_INFORMATION_FORMAT = "dwarf-with-dsym";
				ENABLE_NS_ASSERTIONS = NO;
				ENABLE_STRICT_OBJC_MSGSEND = YES;
				GCC_C_LANGUAGE_STANDARD = gnu99;
				GCC_NO_COMMON_BLOCKS = YES;
				GCC_WARN_64_TO_32_BIT_CONVERSION = YES;
				GCC_WARN_ABOUT_RETURN_TYPE = YES_ERROR;
				GCC_WARN_UNDECLARED_SELECTOR = YES;
				GCC_WARN_UNINITIALIZED_AUTOS = YES_AGGRESSIVE;
				GCC_WARN_UNUSED_FUNCTION = YES;
				GCC_WARN_UNUSED_VARIABLE = YES;
				MACOSX_DEPLOYMENT_TARGET = 10.12;
				MTL_ENABLE_DEBUG_INFO = NO;
				SDKROOT = macosx;
			};
			name = Release;
		};
		41DD37251E451ADB00BC7B52 /* Debug */ = {
			isa = XCBuildConfiguration;
			buildSettings = {
				ASSETCATALOG_COMPILER_APPICON_NAME = AppIcon;
				COMBINE_HIDPI_IMAGES = YES;
				DEVELOPMENT_TEAM = 4ZJX6N87D2;
				INFOPLIST_FILE = "Global Time/Info.plist";
				LD_RUNPATH_SEARCH_PATHS = "$(inherited) @executable_path/../Frameworks";
				PRODUCT_BUNDLE_IDENTIFIER = "SAR.Global-Time";
				PRODUCT_NAME = "$(TARGET_NAME)";
				"WARNING_CFLAGS[arch=*]" = "-Wno-arc-performSelector-leaks";
			};
			name = Debug;
		};
		41DD37261E451ADB00BC7B52 /* Release */ = {
			isa = XCBuildConfiguration;
			buildSettings = {
				ASSETCATALOG_COMPILER_APPICON_NAME = AppIcon;
				COMBINE_HIDPI_IMAGES = YES;
				DEVELOPMENT_TEAM = 4ZJX6N87D2;
				INFOPLIST_FILE = "Global Time/Info.plist";
				LD_RUNPATH_SEARCH_PATHS = "$(inherited) @executable_path/../Frameworks";
				PRODUCT_BUNDLE_IDENTIFIER = "SAR.Global-Time";
				PRODUCT_NAME = "$(TARGET_NAME)";
			};
			name = Release;
		};
/* End XCBuildConfiguration section */

/* Begin XCConfigurationList section */
		41DD370E1E451ADB00BC7B52 /* Build configuration list for PBXProject "Global Time" */ = {
			isa = XCConfigurationList;
			buildConfigurations = (
				41DD37221E451ADB00BC7B52 /* Debug */,
				41DD37231E451ADB00BC7B52 /* Release */,
			);
			defaultConfigurationIsVisible = 0;
			defaultConfigurationName = Release;
		};
		41DD37241E451ADB00BC7B52 /* Build configuration list for PBXNativeTarget "Global Time" */ = {
			isa = XCConfigurationList;
			buildConfigurations = (
				41DD37251E451ADB00BC7B52 /* Debug */,
				41DD37261E451ADB00BC7B52 /* Release */,
			);
			defaultConfigurationIsVisible = 0;
			defaultConfigurationName = Release;
		};
/* End XCConfigurationList section */
	};
	rootObject = 41DD370B1E451ADB00BC7B52 /* Project object */;
}
